
Microsoft Visual Studio Solution File, Format Version 12.00
# Visual Studio Version 16
VisualStudioVersion = 16.0.29519.87
MinimumVisualStudioVersion = 10.0.40219.1
Project("{FAE04EC0-301F-11D3-BF4B-00C04F79EFBC}") = "gymit", "gymit\gymit.csproj", "{B63E232C-1DA3-44BF-B200-26B3F5DDF455}"
EndProject
Global
	GlobalSection(SolutionConfigurationPlatforms) = preSolution
		Debug|Any CPU = Debug|Any CPU
		Release|Any CPU = Release|Any CPU
	EndGlobalSection
	GlobalSection(ProjectConfigurationPlatforms) = postSolution
		{B63E232C-1DA3-44BF-B200-26B3F5DDF455}.Debug|Any CPU.ActiveCfg = Debug|Any CPU
		{B63E232C-1DA3-44BF-B200-26B3F5DDF455}.Debug|Any CPU.Build.0 = Debug|Any CPU
		{B63E232C-1DA3-44BF-B200-26B3F5DDF455}.Release|Any CPU.ActiveCfg = Release|Any CPU
		{B63E232C-1DA3-44BF-B200-26B3F5DDF455}.Release|Any CPU.Build.0 = Release|Any CPU
	EndGlobalSection
	GlobalSection(SolutionProperties) = preSolution
		HideSolutionNode = FALSE
	EndGlobalSection
	GlobalSection(ExtensibilityGlobals) = postSolution
		SolutionGuid = {58EEEC60-FB50-4ABE-A46D-1197A1535B2D}
	EndGlobalSection
EndGlobal
